
Microsoft Visual Studio Solution File, Format Version 12.00
# Visual Studio 15
VisualStudioVersion = 15.0.28307.271
MinimumVisualStudioVersion = 10.0.40219.1
Project("{FAE04EC0-301F-11D3-BF4B-00C04F79EFBC}") = "TWLib", "TWLib.csproj", "{A3AC007D-7CEC-4D07-999E-4405D7E66168}"
EndProject
Project("{FAE04EC0-301F-11D3-BF4B-00C04F79EFBC}") = "TestCases", "TestCases\TestCases.csproj", "{012366A8-BE8A-481A-A37C-F5BACD96B76A}"
EndProject
Global
	GlobalSection(SolutionConfigurationPlatforms) = preSolution
		Debug|Any CPU = Debug|Any CPU
		Release|Any CPU = Release|Any CPU
	EndGlobalSection
	GlobalSection(ProjectConfigurationPlatforms) = postSolution
		{A3AC007D-7CEC-4D07-999E-4405D7E66168}.Debug|Any CPU.ActiveCfg = Debug|Any CPU
		{A3AC007D-7CEC-4D07-999E-4405D7E66168}.Debug|Any CPU.Build.0 = Debug|Any CPU
		{A3AC007D-7CEC-4D07-999E-4405D7E66168}.Release|Any CPU.ActiveCfg = Release|Any CPU
		{A3AC007D-7CEC-4D07-999E-4405D7E66168}.Release|Any CPU.Build.0 = Release|Any CPU
		{012366A8-BE8A-481A-A37C-F5BACD96B76A}.Debug|Any CPU.ActiveCfg = Debug|Any CPU
		{012366A8-BE8A-481A-A37C-F5BACD96B76A}.Debug|Any CPU.Build.0 = Debug|Any CPU
		{012366A8-BE8A-481A-A37C-F5BACD96B76A}.Release|Any CPU.ActiveCfg = Release|Any CPU
		{012366A8-BE8A-481A-A37C-F5BACD96B76A}.Release|Any CPU.Build.0 = Release|Any CPU
	EndGlobalSection
	GlobalSection(SolutionProperties) = preSolution
		HideSolutionNode = FALSE
	EndGlobalSection
	GlobalSection(ExtensibilityGlobals) = postSolution
		SolutionGuid = {7717C845-55F9-4AB2-BC37-115326BA20B4}
	EndGlobalSection
EndGlobal
